
Microsoft Visual Studio Solution File, Format Version 12.00
# Visual Studio Version 17
VisualStudioVersion = 17.6.33815.320
MinimumVisualStudioVersion = 10.0.40219.1
Project("{FAE04EC0-301F-11D3-BF4B-00C04F79EFBC}") = "Interface", "Interface\Interface.csproj", "{45690573-D47C-4FF1-9720-F48098EB09ED}"
EndProject
Global
	GlobalSection(SolutionConfigurationPlatforms) = preSolution
		Debug|Any CPU = Debug|Any CPU
		Release|Any CPU = Release|Any CPU
	EndGlobalSection
	GlobalSection(ProjectConfigurationPlatforms) = postSolution
		{45690573-D47C-4FF1-9720-F48098EB09ED}.Debug|Any CPU.ActiveCfg = Debug|Any CPU
		{45690573-D47C-4FF1-9720-F48098EB09ED}.Debug|Any CPU.Build.0 = Debug|Any CPU
		{45690573-D47C-4FF1-9720-F48098EB09ED}.Release|Any CPU.ActiveCfg = Release|Any CPU
		{45690573-D47C-4FF1-9720-F48098EB09ED}.Release|Any CPU.Build.0 = Release|Any CPU
	EndGlobalSection
	GlobalSection(SolutionProperties) = preSolution
		HideSolutionNode = FALSE
	EndGlobalSection
	GlobalSection(ExtensibilityGlobals) = postSolution
		SolutionGuid = {6C971A88-2E66-44EF-ACD8-80870794DD0A}
	EndGlobalSection
EndGlobal
